
Microsoft Visual Studio Solution File, Format Version 12.00
# Visual Studio Version 17
VisualStudioVersion = 17.0.31912.275
MinimumVisualStudioVersion = 10.0.40219.1
Project("{9A19103F-16F7-4668-BE54-9A1E7A4F7556}") = "Oma.Server", "src\Server\Oma.Server.csproj", "{CDF81107-D74F-4D23-8EC9-70C48231D2B1}"
EndProject
Project("{9A19103F-16F7-4668-BE54-9A1E7A4F7556}") = "Oma.Client", "src\Client\Oma.Client.csproj", "{5268EE8E-B5C8-49BD-8819-C35870B7269E}"
EndProject
Project("{9A19103F-16F7-4668-BE54-9A1E7A4F7556}") = "Oma.Shared", "src\Shared\Oma.Shared.csproj", "{E6C409AB-755A-4A08-BDFC-60DB66221CC9}"
EndProject
Project("{9A19103F-16F7-4668-BE54-9A1E7A4F7556}") = "Oma.Data.Repository", "src\Oma.Data.Repository\Oma.Data.Repository.csproj", "{75BCE135-152D-4959-8DDF-24B2F85AD8FD}"
EndProject
Project("{9A19103F-16F7-4668-BE54-9A1E7A4F7556}") = "Oma.Data.Models", "src\Oma.Data.Models\Oma.Data.Models.csproj", "{EBD70062-C3C0-402D-A99F-CB6C633730BF}"
EndProject
Project("{9A19103F-16F7-4668-BE54-9A1E7A4F7556}") = "Oma.Api.models", "src\Oma.Api.models\Oma.Api.models.csproj", "{44870B7C-A1FD-44C5-9B81-DB5EC67643FE}"
EndProject
Project("{9A19103F-16F7-4668-BE54-9A1E7A4F7556}") = "Oma.Data.Queries", "src\Oma.Data.Queries\Oma.Data.Queries.csproj", "{ED549404-421D-4D67-AA4B-97C037764DDC}"
EndProject
Project("{9A19103F-16F7-4668-BE54-9A1E7A4F7556}") = "Oma.Api.Common", "src\Oma.Api.Common\Oma.Api.Common.csproj", "{9A7F934D-A1F2-4D68-B5D6-7891B4EBBE37}"
EndProject
Project("{2150E333-8FDC-42A3-9474-1A3956D46DE8}") = "tests", "tests", "{26702526-A80B-484B-8343-FE13BF7163D7}"
EndProject
Project("{9A19103F-16F7-4668-BE54-9A1E7A4F7556}") = "Oma.Queries.Tests", "tests\Oma.Queries.Tests\Oma.Queries.Tests.csproj", "{9197383E-DE3B-41C5-97BC-2D1A3CC1F766}"
EndProject
Project("{2150E333-8FDC-42A3-9474-1A3956D46DE8}") = "src", "src", "{ED1ECC0D-C9D6-44A2-9A91-A55001AB4EB4}"
EndProject
Global
	GlobalSection(SolutionConfigurationPlatforms) = preSolution
		Debug|Any CPU = Debug|Any CPU
		Release|Any CPU = Release|Any CPU
	EndGlobalSection
	GlobalSection(ProjectConfigurationPlatforms) = postSolution
		{CDF81107-D74F-4D23-8EC9-70C48231D2B1}.Debug|Any CPU.ActiveCfg = Debug|Any CPU
		{CDF81107-D74F-4D23-8EC9-70C48231D2B1}.Debug|Any CPU.Build.0 = Debug|Any CPU
		{CDF81107-D74F-4D23-8EC9-70C48231D2B1}.Release|Any CPU.ActiveCfg = Release|Any CPU
		{CDF81107-D74F-4D23-8EC9-70C48231D2B1}.Release|Any CPU.Build.0 = Release|Any CPU
		{5268EE8E-B5C8-49BD-8819-C35870B7269E}.Debug|Any CPU.ActiveCfg = Debug|Any CPU
		{5268EE8E-B5C8-49BD-8819-C35870B7269E}.Debug|Any CPU.Build.0 = Debug|Any CPU
		{5268EE8E-B5C8-49BD-8819-C35870B7269E}.Release|Any CPU.ActiveCfg = Release|Any CPU
		{5268EE8E-B5C8-49BD-8819-C35870B7269E}.Release|Any CPU.Build.0 = Release|Any CPU
		{E6C409AB-755A-4A08-BDFC-60DB66221CC9}.Debug|Any CPU.ActiveCfg = Debug|Any CPU
		{E6C409AB-755A-4A08-BDFC-60DB66221CC9}.Debug|Any CPU.Build.0 = Debug|Any CPU
		{E6C409AB-755A-4A08-BDFC-60DB66221CC9}.Release|Any CPU.ActiveCfg = Release|Any CPU
		{E6C409AB-755A-4A08-BDFC-60DB66221CC9}.Release|Any CPU.Build.0 = Release|Any CPU
		{75BCE135-152D-4959-8DDF-24B2F85AD8FD}.Debug|Any CPU.ActiveCfg = Debug|Any CPU
		{75BCE135-152D-4959-8DDF-24B2F85AD8FD}.Debug|Any CPU.Build.0 = Debug|Any CPU
		{75BCE135-152D-4959-8DDF-24B2F85AD8FD}.Release|Any CPU.ActiveCfg = Release|Any CPU
		{75BCE135-152D-4959-8DDF-24B2F85AD8FD}.Release|Any CPU.Build.0 = Release|Any CPU
		{EBD70062-C3C0-402D-A99F-CB6C633730BF}.Debug|Any CPU.ActiveCfg = Debug|Any CPU
		{EBD70062-C3C0-402D-A99F-CB6C633730BF}.Debug|Any CPU.Build.0 = Debug|Any CPU
		{EBD70062-C3C0-402D-A99F-CB6C633730BF}.Release|Any CPU.ActiveCfg = Release|Any CPU
		{EBD70062-C3C0-402D-A99F-CB6C633730BF}.Release|Any CPU.Build.0 = Release|Any CPU
		{44870B7C-A1FD-44C5-9B81-DB5EC67643FE}.Debug|Any CPU.ActiveCfg = Debug|Any CPU
		{44870B7C-A1FD-44C5-9B81-DB5EC67643FE}.Debug|Any CPU.Build.0 = Debug|Any CPU
		{44870B7C-A1FD-44C5-9B81-DB5EC67643FE}.Release|Any CPU.ActiveCfg = Release|Any CPU
		{44870B7C-A1FD-44C5-9B81-DB5EC67643FE}.Release|Any CPU.Build.0 = Release|Any CPU
		{ED549404-421D-4D67-AA4B-97C037764DDC}.Debug|Any CPU.ActiveCfg = Debug|Any CPU
		{ED549404-421D-4D67-AA4B-97C037764DDC}.Debug|Any CPU.Build.0 = Debug|Any CPU
		{ED549404-421D-4D67-AA4B-97C037764DDC}.Release|Any CPU.ActiveCfg = Release|Any CPU
		{ED549404-421D-4D67-AA4B-97C037764DDC}.Release|Any CPU.Build.0 = Release|Any CPU
		{9A7F934D-A1F2-4D68-B5D6-7891B4EBBE37}.Debug|Any CPU.ActiveCfg = Debug|Any CPU
		{9A7F934D-A1F2-4D68-B5D6-7891B4EBBE37}.Debug|Any CPU.Build.0 = Debug|Any CPU
		{9A7F934D-A1F2-4D68-B5D6-7891B4EBBE37}.Release|Any CPU.ActiveCfg = Release|Any CPU
		{9A7F934D-A1F2-4D68-B5D6-7891B4EBBE37}.Release|Any CPU.Build.0 = Release|Any CPU
		{9197383E-DE3B-41C5-97BC-2D1A3CC1F766}.Debug|Any CPU.ActiveCfg = Debug|Any CPU
		{9197383E-DE3B-41C5-97BC-2D1A3CC1F766}.Debug|Any CPU.Build.0 = Debug|Any CPU
		{9197383E-DE3B-41C5-97BC-2D1A3CC1F766}.Release|Any CPU.ActiveCfg = Release|Any CPU
		{9197383E-DE3B-41C5-97BC-2D1A3CC1F766}.Release|Any CPU.Build.0 = Release|Any CPU
	EndGlobalSection
	GlobalSection(SolutionProperties) = preSolution
		HideSolutionNode = FALSE
	EndGlobalSection
	GlobalSection(NestedProjects) = preSolution
		{CDF81107-D74F-4D23-8EC9-70C48231D2B1} = {ED1ECC0D-C9D6-44A2-9A91-A55001AB4EB4}
		{5268EE8E-B5C8-49BD-8819-C35870B7269E} = {ED1ECC0D-C9D6-44A2-9A91-A55001AB4EB4}
		{E6C409AB-755A-4A08-BDFC-60DB66221CC9} = {ED1ECC0D-C9D6-44A2-9A91-A55001AB4EB4}
		{75BCE135-152D-4959-8DDF-24B2F85AD8FD} = {ED1ECC0D-C9D6-44A2-9A91-A55001AB4EB4}
		{EBD70062-C3C0-402D-A99F-CB6C633730BF} = {ED1ECC0D-C9D6-44A2-9A91-A55001AB4EB4}
		{44870B7C-A1FD-44C5-9B81-DB5EC67643FE} = {ED1ECC0D-C9D6-44A2-9A91-A55001AB4EB4}
		{ED549404-421D-4D67-AA4B-97C037764DDC} = {ED1ECC0D-C9D6-44A2-9A91-A55001AB4EB4}
		{9A7F934D-A1F2-4D68-B5D6-7891B4EBBE37} = {ED1ECC0D-C9D6-44A2-9A91-A55001AB4EB4}
		{9197383E-DE3B-41C5-97BC-2D1A3CC1F766} = {26702526-A80B-484B-8343-FE13BF7163D7}
	EndGlobalSection
	GlobalSection(ExtensibilityGlobals) = postSolution
		SolutionGuid = {19D11CA7-9C93-4D95-B254-AA1D85942C39}
	EndGlobalSection
EndGlobal
